
Microsoft Visual Studio Solution File, Format Version 12.00
# Visual Studio 15
VisualStudioVersion = 15.0.27428.2002
MinimumVisualStudioVersion = 10.0.40219.1
Project("{FAE04EC0-301F-11D3-BF4B-00C04F79EFBC}") = "Verthandi", "Verthandi.csproj", "{DC46C564-299F-4796-B53D-F67203489EB3}"
EndProject
Global
	GlobalSection(SolutionConfigurationPlatforms) = preSolution
		Debug|Any CPU = Debug|Any CPU
		Release|Any CPU = Release|Any CPU
	EndGlobalSection
	GlobalSection(ProjectConfigurationPlatforms) = postSolution
		{DC46C564-299F-4796-B53D-F67203489EB3}.Debug|Any CPU.ActiveCfg = Debug|Any CPU
		{DC46C564-299F-4796-B53D-F67203489EB3}.Debug|Any CPU.Build.0 = Debug|Any CPU
		{DC46C564-299F-4796-B53D-F67203489EB3}.Release|Any CPU.ActiveCfg = Release|Any CPU
		{DC46C564-299F-4796-B53D-F67203489EB3}.Release|Any CPU.Build.0 = Release|Any CPU
	EndGlobalSection
	GlobalSection(SolutionProperties) = preSolution
		HideSolutionNode = FALSE
	EndGlobalSection
	GlobalSection(ExtensibilityGlobals) = postSolution
		SolutionGuid = {56110C87-1579-47EC-A0B0-0DA6C5349B2F}
	EndGlobalSection
EndGlobal
